// !$*UTF8*$!
{
	archiveVersion = 1;
	classes = {
	};
	objectVersion = 56;
	objects = {

/* Begin PBXBuildFile section */
		7528005D29931E6E004F3448 /* AppDelegate.swift in Sources */ = {isa = PBXBuildFile; fileRef = 7528005C29931E6E004F3448 /* AppDelegate.swift */; };
		7528005F29931E6E004F3448 /* SceneDelegate.swift in Sources */ = {isa = PBXBuildFile; fileRef = 7528005E29931E6E004F3448 /* SceneDelegate.swift */; };
		7528006429931E6E004F3448 /* Main.storyboard in Resources */ = {isa = PBXBuildFile; fileRef = 7528006229931E6E004F3448 /* Main.storyboard */; };
		7528006629931E70004F3448 /* Assets.xcassets in Resources */ = {isa = PBXBuildFile; fileRef = 7528006529931E70004F3448 /* Assets.xcassets */; };
		7528006929931E70004F3448 /* LaunchScreen.storyboard in Resources */ = {isa = PBXBuildFile; fileRef = 7528006729931E70004F3448 /* LaunchScreen.storyboard */; };
		7528007429931EDE004F3448 /* TableViewCell.swift in Sources */ = {isa = PBXBuildFile; fileRef = 7528007229931EDE004F3448 /* TableViewCell.swift */; };
		7528007529931EDE004F3448 /* TableViewCell.xib in Resources */ = {isa = PBXBuildFile; fileRef = 7528007329931EDE004F3448 /* TableViewCell.xib */; };
		7528007929933555004F3448 /* ViewController.swift in Sources */ = {isa = PBXBuildFile; fileRef = 7528007829933555004F3448 /* ViewController.swift */; };
		75280081299364FA004F3448 /* ToggleDelegate.swift in Sources */ = {isa = PBXBuildFile; fileRef = 75280080299364FA004F3448 /* ToggleDelegate.swift */; };
		752800A329938681004F3448 /* Statuses.swift in Sources */ = {isa = PBXBuildFile; fileRef = 752800A229938681004F3448 /* Statuses.swift */; };
		752800A52993868F004F3448 /* OnOffStatus.swift in Sources */ = {isa = PBXBuildFile; fileRef = 752800A42993868F004F3448 /* OnOffStatus.swift */; };
/* End PBXBuildFile section */

/* Begin PBXFileReference section */
		7528005929931E6E004F3448 /* TableViewDequeueTest.app */ = {isa = PBXFileReference; explicitFileType = wrapper.application; includeInIndex = 0; path = TableViewDequeueTest.app; sourceTree = BUILT_PRODUCTS_DIR; };
		7528005C29931E6E004F3448 /* AppDelegate.swift */ = {isa = PBXFileReference; lastKnownFileType = sourcecode.swift; path = AppDelegate.swift; sourceTree = "<group>"; };
		7528005E29931E6E004F3448 /* SceneDelegate.swift */ = {isa = PBXFileReference; lastKnownFileType = sourcecode.swift; path = SceneDelegate.swift; sourceTree = "<group>"; };
		7528006329931E6E004F3448 /* Base */ = {isa = PBXFileReference; lastKnownFileType = file.storyboard; name = Base; path = Base.lproj/Main.storyboard; sourceTree = "<group>"; };
		7528006529931E70004F3448 /* Assets.xcassets */ = {isa = PBXFileReference; lastKnownFileType = folder.assetcatalog; path = Assets.xcassets; sourceTree = "<group>"; };
		7528006829931E70004F3448 /* Base */ = {isa = PBXFileReference; lastKnownFileType = file.storyboard; name = Base; path = Base.lproj/LaunchScreen.storyboard; sourceTree = "<group>"; };
		7528006A29931E70004F3448 /* Info.plist */ = {isa = PBXFileReference; lastKnownFileType = text.plist.xml; path = Info.plist; sourceTree = "<group>"; };
		7528007229931EDE004F3448 /* TableViewCell.swift */ = {isa = PBXFileReference; lastKnownFileType = sourcecode.swift; path = TableViewCell.swift; sourceTree = "<group>"; };
		7528007329931EDE004F3448 /* TableViewCell.xib */ = {isa = PBXFileReference; lastKnownFileType = file.xib; path = TableViewCell.xib; sourceTree = "<group>"; };
		7528007829933555004F3448 /* ViewController.swift */ = {isa = PBXFileReference; lastKnownFileType = sourcecode.swift; path = ViewController.swift; sourceTree = "<group>"; };
		75280080299364FA004F3448 /* ToggleDelegate.swift */ = {isa = PBXFileReference; lastKnownFileType = sourcecode.swift; path = ToggleDelegate.swift; sourceTree = "<group>"; };
		752800A229938681004F3448 /* Statuses.swift */ = {isa = PBXFileReference; lastKnownFileType = sourcecode.swift; path = Statuses.swift; sourceTree = "<group>"; };
		752800A42993868F004F3448 /* OnOffStatus.swift */ = {isa = PBXFileReference; lastKnownFileType = sourcecode.swift; path = OnOffStatus.swift; sourceTree = "<group>"; };
/* End PBXFileReference section */

/* Begin PBXFrameworksBuildPhase section */
		7528005629931E6E004F3448 /* Frameworks */ = {
			isa = PBXFrameworksBuildPhase;
			buildActionMask = 2147483647;
			files = (
			);
			runOnlyForDeploymentPostprocessing = 0;
		};
/* End PBXFrameworksBuildPhase section */

/* Begin PBXGroup section */
		7528005029931E6E004F3448 = {
			isa = PBXGroup;
			children = (
				7528005B29931E6E004F3448 /* TableViewDequeueTest */,
				7528005A29931E6E004F3448 /* Products */,
			);
			sourceTree = "<group>";
		};
		7528005A29931E6E004F3448 /* Products */ = {
			isa = PBXGroup;
			children = (
				7528005929931E6E004F3448 /* TableViewDequeueTest.app */,
			);
			name = Products;
			sourceTree = "<group>";
		};
		7528005B29931E6E004F3448 /* TableViewDequeueTest */ = {
			isa = PBXGroup;
			children = (
				7528005C29931E6E004F3448 /* AppDelegate.swift */,
				7528005E29931E6E004F3448 /* SceneDelegate.swift */,
				7528006229931E6E004F3448 /* Main.storyboard */,
				7528006529931E70004F3448 /* Assets.xcassets */,
				7528006729931E70004F3448 /* LaunchScreen.storyboard */,
				7528006A29931E70004F3448 /* Info.plist */,
				7528007329931EDE004F3448 /* TableViewCell.xib */,
				7528007229931EDE004F3448 /* TableViewCell.swift */,
				7528007829933555004F3448 /* ViewController.swift */,
				75280080299364FA004F3448 /* ToggleDelegate.swift */,
				752800A229938681004F3448 /* Statuses.swift */,
				752800A42993868F004F3448 /* OnOffStatus.swift */,
			);
			path = TableViewDequeueTest;
			sourceTree = "<group>";
		};
/* End PBXGroup section */

/* Begin PBXNativeTarget section */
		7528005829931E6E004F3448 /* TableViewDequeueTest */ = {
			isa = PBXNativeTarget;
			buildConfigurationList = 7528006D29931E70004F3448 /* Build configuration list for PBXNativeTarget "TableViewDequeueTest" */;
			buildPhases = (
				7528005529931E6E004F3448 /* Sources */,
				7528005629931E6E004F3448 /* Frameworks */,
				7528005729931E6E004F3448 /* Resources */,
			);
			buildRules = (
			);
			dependencies = (
			);
			name = TableViewDequeueTest;
			productName = TableViewDequeueTest;
			productReference = 7528005929931E6E004F3448 /* TableViewDequeueTest.app */;
			productType = "com.apple.product-type.application";
		};
/* End PBXNativeTarget section */

/* Begin PBXProject section */
		7528005129931E6E004F3448 /* Project object */ = {
			isa = PBXProject;
			attributes = {
				BuildIndependentTargetsInParallel = 1;
				LastSwiftUpdateCheck = 1420;
				LastUpgradeCheck = 1420;
				TargetAttributes = {
					7528005829931E6E004F3448 = {
						CreatedOnToolsVersion = 14.2;
					};
				};
			};
			buildConfigurationList = 7528005429931E6E004F3448 /* Build configuration list for PBXProject "TableViewDequeueTest" */;
			compatibilityVersion = "Xcode 14.0";
			developmentRegion = en;
			hasScannedForEncodings = 0;
			knownRegions = (
				en,
				Base,
			);
			mainGroup = 7528005029931E6E004F3448;
			productRefGroup = 7528005A29931E6E004F3448 /* Products */;
			projectDirPath = "";
			projectRoot = "";
			targets = (
				7528005829931E6E004F3448 /* TableViewDequeueTest */,
			);
		};
/* End PBXProject section */

/* Begin PBXResourcesBuildPhase section */
		7528005729931E6E004F3448 /* Resources */ = {
			isa = PBXResourcesBuildPhase;
			buildActionMask = 2147483647;
			files = (
				7528006929931E70004F3448 /* LaunchScreen.storyboard in Resources */,
				7528007529931EDE004F3448 /* TableViewCell.xib in Resources */,
				7528006629931E70004F3448 /* Assets.xcassets in Resources */,
				7528006429931E6E004F3448 /* Main.storyboard in Resources */,
			);
			runOnlyForDeploymentPostprocessing = 0;
		};
/* End PBXResourcesBuildPhase section */

/* Begin PBXSourcesBuildPhase section */
		7528005529931E6E004F3448 /* Sources */ = {
			isa = PBXSourcesBuildPhase;
			buildActionMask = 2147483647;
			files = (
				7528007429931EDE004F3448 /* TableViewCell.swift in Sources */,
				75280081299364FA004F3448 /* ToggleDelegate.swift in Sources */,
				7528005D29931E6E004F3448 /* AppDelegate.swift in Sources */,
				752800A329938681004F3448 /* Statuses.swift in Sources */,
				752800A52993868F004F3448 /* OnOffStatus.swift in Sources */,
				7528007929933555004F3448 /* ViewController.swift in Sources */,
				7528005F29931E6E004F3448 /* SceneDelegate.swift in Sources */,
			);
			runOnlyForDeploymentPostprocessing = 0;
		};
/* End PBXSourcesBuildPhase section */

/* Begin PBXVariantGroup section */
		7528006229931E6E004F3448 /* Main.storyboard */ = {
			isa = PBXVariantGroup;
			children = (
				7528006329931E6E004F3448 /* Base */,
			);
			name = Main.storyboard;
			sourceTree = "<group>";
		};
		7528006729931E70004F3448 /* LaunchScreen.storyboard */ = {
			isa = PBXVariantGroup;
			children = (
				7528006829931E70004F3448 /* Base */,
			);
			name = LaunchScreen.storyboard;
			sourceTree = "<group>";
		};
/* End PBXVariantGroup section */

/* Begin XCBuildConfiguration section */
		7528006B29931E70004F3448 /* Debug */ = {
			isa = XCBuildConfiguration;
			buildSettings = {
				ALWAYS_SEARCH_USER_PATHS = NO;
				CLANG_ANALYZER_NONNULL = YES;
				CLANG_ANALYZER_NUMBER_OBJECT_CONVERSION = YES_AGGRESSIVE;
				CLANG_CXX_LANGUAGE_STANDARD = "gnu++20";
				CLANG_ENABLE_MODULES = YES;
				CLANG_ENABLE_OBJC_ARC = YES;
				CLANG_ENABLE_OBJC_WEAK = YES;
				CLANG_WARN_BLOCK_CAPTURE_AUTORELEASING = YES;
				CLANG_WARN_BOOL_CONVERSION = YES;
				CLANG_WARN_COMMA = YES;
				CLANG_WARN_CONSTANT_CONVERSION = YES;
				CLANG_WARN_DEPRECATED_OBJC_IMPLEMENTATIONS = YES;
				CLANG_WARN_DIRECT_OBJC_ISA_USAGE = YES_ERROR;
				CLANG_WARN_DOCUMENTATION_COMMENTS = YES;
				CLANG_WARN_EMPTY_BODY = YES;
				CLANG_WARN_ENUM_CONVERSION = YES;
				CLANG_WARN_INFINITE_RECURSION = YES;
				CLANG_WARN_INT_CONVERSION = YES;
				CLANG_WARN_NON_LITERAL_NULL_CONVERSION = YES;
				CLANG_WARN_OBJC_IMPLICIT_RETAIN_SELF = YES;
				CLANG_WARN_OBJC_LITERAL_CONVERSION = YES;
				CLANG_WARN_OBJC_ROOT_CLASS = YES_ERROR;
				CLANG_WARN_QUOTED_INCLUDE_IN_FRAMEWORK_HEADER = YES;
				CLANG_WARN_RANGE_LOOP_ANALYSIS = YES;
				CLANG_WARN_STRICT_PROTOTYPES = YES;
				CLANG_WARN_SUSPICIOUS_MOVE = YES;
				CLANG_WARN_UNGUARDED_AVAILABILITY = YES_AGGRESSIVE;
				CLANG_WARN_UNREACHABLE_CODE = YES;
				CLANG_WARN__DUPLICATE_METHOD_MATCH = YES;
				COPY_PHASE_STRIP = NO;
				DEBUG_INFORMATION_FORMAT = dwarf;
				ENABLE_STRICT_OBJC_MSGSEND = YES;
				ENABLE_TESTABILITY = YES;
				GCC_C_LANGUAGE_STANDARD = gnu11;
				GCC_DYNAMIC_NO_PIC = NO;
				GCC_NO_COMMON_BLOCKS = YES;
				GCC_OPTIMIZATION_LEVEL = 0;
				GCC_PREPROCESSOR_DEFINITIONS = (
					"DEBUG=1",
					"$(inherited)",
				);
				GCC_WARN_64_TO_32_BIT_CONVERSION = YES;
				GCC_WARN_ABOUT_RETURN_TYPE = YES_ERROR;
				GCC_WARN_UNDECLARED_SELECTOR = YES;
				GCC_WARN_UNINITIALIZED_AUTOS = YES_AGGRESSIVE;
				GCC_WARN_UNUSED_FUNCTION = YES;
				GCC_WARN_UNUSED_VARIABLE = YES;
				IPHONEOS_DEPLOYMENT_TARGET = 16.2;
				MTL_ENABLE_DEBUG_INFO = INCLUDE_SOURCE;
				MTL_FAST_MATH = YES;
				ONLY_ACTIVE_ARCH = YES;
				SDKROOT = iphoneos;
				SWIFT_ACTIVE_COMPILATION_CONDITIONS = DEBUG;
				SWIFT_OPTIMIZATION_LEVEL = "-Onone";
			};
			name = Debug;
		};
		7528006C29931E70004F3448 /* Release */ = {
			isa = XCBuildConfiguration;
			buildSettings = {
				ALWAYS_SEARCH_USER_PATHS = NO;
				CLANG_ANALYZER_NONNULL = YES;
				CLANG_ANALYZER_NUMBER_OBJECT_CONVERSION = YES_AGGRESSIVE;
				CLANG_CXX_LANGUAGE_STANDARD = "gnu++20";
				CLANG_ENABLE_MODULES = YES;
				CLANG_ENABLE_OBJC_ARC = YES;
				CLANG_ENABLE_OBJC_WEAK = YES;
				CLANG_WARN_BLOCK_CAPTURE_AUTORELEASING = YES;
				CLANG_WARN_BOOL_CONVERSION = YES;
				CLANG_WARN_COMMA = YES;
				CLANG_WARN_CONSTANT_CONVERSION = YES;
				CLANG_WARN_DEPRECATED_OBJC_IMPLEMENTATIONS = YES;
				CLANG_WARN_DIRECT_OBJC_ISA_USAGE = YES_ERROR;
				CLANG_WARN_DOCUMENTATION_COMMENTS = YES;
				CLANG_WARN_EMPTY_BODY = YES;
				CLANG_WARN_ENUM_CONVERSION = YES;
				CLANG_WARN_INFINITE_RECURSION = YES;
				CLANG_WARN_INT_CONVERSION = YES;
				CLANG_WARN_NON_LITERAL_NULL_CONVERSION = YES;
				CLANG_WARN_OBJC_IMPLICIT_RETAIN_SELF = YES;
				CLANG_WARN_OBJC_LITERAL_CONVERSION = YES;
				CLANG_WARN_OBJC_ROOT_CLASS = YES_ERROR;
				CLANG_WARN_QUOTED_INCLUDE_IN_FRAMEWORK_HEADER = YES;
				CLANG_WARN_RANGE_LOOP_ANALYSIS = YES;
				CLANG_WARN_STRICT_PROTOTYPES = YES;
				CLANG_WARN_SUSPICIOUS_MOVE = YES;
				CLANG_WARN_UNGUARDED_AVAILABILITY = YES_AGGRESSIVE;
				CLANG_WARN_UNREACHABLE_CODE = YES;
				CLANG_WARN__DUPLICATE_METHOD_MATCH = YES;
				COPY_PHASE_STRIP = NO;
				DEBUG_INFORMATION_FORMAT = "dwarf-with-dsym";
				ENABLE_NS_ASSERTIONS = NO;
				ENABLE_STRICT_OBJC_MSGSEND = YES;
				GCC_C_LANGUAGE_STANDARD = gnu11;
				GCC_NO_COMMON_BLOCKS = YES;
				GCC_WARN_64_TO_32_BIT_CONVERSION = YES;
				GCC_WARN_ABOUT_RETURN_TYPE = YES_ERROR;
				GCC_WARN_UNDECLARED_SELECTOR = YES;
				GCC_WARN_UNINITIALIZED_AUTOS = YES_AGGRESSIVE;
				GCC_WARN_UNUSED_FUNCTION = YES;
				GCC_WARN_UNUSED_VARIABLE = YES;
				IPHONEOS_DEPLOYMENT_TARGET = 16.2;
				MTL_ENABLE_DEBUG_INFO = NO;
				MTL_FAST_MATH = YES;
				SDKROOT = iphoneos;
				SWIFT_COMPILATION_MODE = wholemodule;
				SWIFT_OPTIMIZATION_LEVEL = "-O";
				VALIDATE_PRODUCT = YES;
			};
			name = Release;
		};
		7528006E29931E70004F3448 /* Debug */ = {
			isa = XCBuildConfiguration;
			buildSettings = {
				ASSETCATALOG_COMPILER_APPICON_NAME = AppIcon;
				ASSETCATALOG_COMPILER_GLOBAL_ACCENT_COLOR_NAME = AccentColor;
				CODE_SIGN_STYLE = Automatic;
				CURRENT_PROJECT_VERSION = 1;
				DEVELOPMENT_TEAM = 9LAFQ24GSN;
				GENERATE_INFOPLIST_FILE = YES;
				INFOPLIST_FILE = TableViewDequeueTest/Info.plist;
				INFOPLIST_KEY_UIApplicationSupportsIndirectInputEvents = YES;
				INFOPLIST_KEY_UILaunchStoryboardName = LaunchScreen;
				INFOPLIST_KEY_UIMainStoryboardFile = Main;
				INFOPLIST_KEY_UISupportedInterfaceOrientations_iPad = "UIInterfaceOrientationPortrait UIInterfaceOrientationPortraitUpsideDown UIInterfaceOrientationLandscapeLeft UIInterfaceOrientationLandscapeRight";
				INFOPLIST_KEY_UISupportedInterfaceOrientations_iPhone = "UIInterfaceOrientationPortrait UIInterfaceOrientationLandscapeLeft UIInterfaceOrientationLandscapeRight";
				LD_RUNPATH_SEARCH_PATHS = (
					"$(inherited)",
					"@executable_path/Frameworks",
				);
				MARKETING_VERSION = 1.0;
				PRODUCT_BUNDLE_IDENTIFIER = kr.co.truen.EGLOO.TableViewDequeueTest;
				PRODUCT_NAME = "$(TARGET_NAME)";
				SWIFT_EMIT_LOC_STRINGS = YES;
				SWIFT_VERSION = 5.0;
				TARGETED_DEVICE_FAMILY = "1,2";
			};
			name = Debug;
		};
		7528006F29931E70004F3448 /* Release */ = {
			isa = XCBuildConfiguration;
			buildSettings = {
				ASSETCATALOG_COMPILER_APPICON_NAME = AppIcon;
				ASSETCATALOG_COMPILER_GLOBAL_ACCENT_COLOR_NAME = AccentColor;
				CODE_SIGN_STYLE = Automatic;
				CURRENT_PROJECT_VERSION = 1;
				DEVELOPMENT_TEAM = 9LAFQ24GSN;
				GENERATE_INFOPLIST_FILE = YES;
				INFOPLIST_FILE = TableViewDequeueTest/Info.plist;
				INFOPLIST_KEY_UIApplicationSupportsIndirectInputEvents = YES;
				INFOPLIST_KEY_UILaunchStoryboardName = LaunchScreen;
				INFOPLIST_KEY_UIMainStoryboardFile = Main;
				INFOPLIST_KEY_UISupportedInterfaceOrientations_iPad = "UIInterfaceOrientationPortrait UIInterfaceOrientationPortraitUpsideDown UIInterfaceOrientationLandscapeLeft UIInterfaceOrientationLandscapeRight";
				INFOPLIST_KEY_UISupportedInterfaceOrientations_iPhone = "UIInterfaceOrientationPortrait UIInterfaceOrientationLandscapeLeft UIInterfaceOrientationLandscapeRight";
				LD_RUNPATH_SEARCH_PATHS = (
					"$(inherited)",
					"@executable_path/Frameworks",
				);
				MARKETING_VERSION = 1.0;
				PRODUCT_BUNDLE_IDENTIFIER = kr.co.truen.EGLOO.TableViewDequeueTest;
				PRODUCT_NAME = "$(TARGET_NAME)";
				SWIFT_EMIT_LOC_STRINGS = YES;
				SWIFT_VERSION = 5.0;
				TARGETED_DEVICE_FAMILY = "1,2";
			};
			name = Release;
		};
/* End XCBuildConfiguration section */

/* Begin XCConfigurationList section */
		7528005429931E6E004F3448 /* Build configuration list for PBXProject "TableViewDequeueTest" */ = {
			isa = XCConfigurationList;
			buildConfigurations = (
				7528006B29931E70004F3448 /* Debug */,
				7528006C29931E70004F3448 /* Release */,
			);
			defaultConfigurationIsVisible = 0;
			defaultConfigurationName = Release;
		};
		7528006D29931E70004F3448 /* Build configuration list for PBXNativeTarget "TableViewDequeueTest" */ = {
			isa = XCConfigurationList;
			buildConfigurations = (
				7528006E29931E70004F3448 /* Debug */,
				7528006F29931E70004F3448 /* Release */,
			);
			defaultConfigurationIsVisible = 0;
			defaultConfigurationName = Release;
		};
/* End XCConfigurationList section */
	};
	rootObject = 7528005129931E6E004F3448 /* Project object */;
}
